
Microsoft Visual Studio Solution File, Format Version 12.00
# Visual Studio 15
VisualStudioVersion = 15.0.28010.2050
MinimumVisualStudioVersion = 10.0.40219.1
Project("{2150E333-8FDC-42A3-9474-1A3956D46DE8}") = "Item01 - Criar e aplicar atributos", "Item01 - Criar e aplicar atributos", "{EAE77BC2-F085-4BBA-AE99-D34EC1DED3EA}"
EndProject
Project("{9A19103F-16F7-4668-BE54-9A1E7A4F7556}") = "Programa01", "Programa01\Programa01.csproj", "{1A42B06D-AFD6-41EB-A044-D87ABCA63004}"
EndProject
Project("{2150E333-8FDC-42A3-9474-1A3956D46DE8}") = "Item02 - Ler os atributos", "Item02 - Ler os atributos", "{AEA4BC03-1EDD-4C66-8A35-6201E407D86F}"
EndProject
Project("{2150E333-8FDC-42A3-9474-1A3956D46DE8}") = "Item03 - Usar reflection", "Item03 - Usar reflection", "{A643EB71-F95A-4C69-A653-2537D1769911}"
EndProject
Project("{2150E333-8FDC-42A3-9474-1A3956D46DE8}") = "Item04 - Geração de código", "Item04 - Geração de código", "{EBFB58AB-647B-4625-B54D-1E9376324326}"
EndProject
Project("{2150E333-8FDC-42A3-9474-1A3956D46DE8}") = "Item05 - Tipos do System.Reflection", "Item05 - Tipos do System.Reflection", "{B28CC3C5-E3A1-4C96-BC7C-89CE671C0F78}"
EndProject
Project("{9A19103F-16F7-4668-BE54-9A1E7A4F7556}") = "Programa02", "Programa02\Programa02.csproj", "{57D136EE-984B-4E6F-8E8A-0FA371246BB2}"
EndProject
Project("{9A19103F-16F7-4668-BE54-9A1E7A4F7556}") = "Programa03", "Programa03\Programa03.csproj", "{97D62B75-FEFE-441C-B0BA-238639552F25}"
EndProject
Project("{9A19103F-16F7-4668-BE54-9A1E7A4F7556}") = "Programa04", "Programa04\Programa04.csproj", "{AB860313-B818-4988-BB77-AE32D2CD3B4C}"
EndProject
Project("{9A19103F-16F7-4668-BE54-9A1E7A4F7556}") = "Programa05", "Programa05\Programa05.csproj", "{6B06AD9B-1D7C-46D1-97F4-416FCA8B5DE9}"
EndProject
Project("{9A19103F-16F7-4668-BE54-9A1E7A4F7556}") = "Programa04.1", "Programa04.1\Programa04.1.csproj", "{E242326E-85EF-479B-B341-41FCF6165BE4}"
EndProject
Project("{9A19103F-16F7-4668-BE54-9A1E7A4F7556}") = "Programa05.1", "Programa05.1\Programa05.1.csproj", "{9D4C9BF7-0C09-45A3-84A6-EDCB3A2DD84C}"
EndProject
Project("{9A19103F-16F7-4668-BE54-9A1E7A4F7556}") = "Programa05.2", "Programa05.2\Programa05.2.csproj", "{5CAA7F5E-2589-43B0-A3AA-2462DA3EBC6D}"
EndProject
Global
	GlobalSection(SolutionConfigurationPlatforms) = preSolution
		Debug|Any CPU = Debug|Any CPU
		Release|Any CPU = Release|Any CPU
	EndGlobalSection
	GlobalSection(ProjectConfigurationPlatforms) = postSolution
		{1A42B06D-AFD6-41EB-A044-D87ABCA63004}.Debug|Any CPU.ActiveCfg = Debug|Any CPU
		{1A42B06D-AFD6-41EB-A044-D87ABCA63004}.Debug|Any CPU.Build.0 = Debug|Any CPU
		{1A42B06D-AFD6-41EB-A044-D87ABCA63004}.Release|Any CPU.ActiveCfg = Release|Any CPU
		{1A42B06D-AFD6-41EB-A044-D87ABCA63004}.Release|Any CPU.Build.0 = Release|Any CPU
		{57D136EE-984B-4E6F-8E8A-0FA371246BB2}.Debug|Any CPU.ActiveCfg = Debug|Any CPU
		{57D136EE-984B-4E6F-8E8A-0FA371246BB2}.Debug|Any CPU.Build.0 = Debug|Any CPU
		{57D136EE-984B-4E6F-8E8A-0FA371246BB2}.Release|Any CPU.ActiveCfg = Release|Any CPU
		{57D136EE-984B-4E6F-8E8A-0FA371246BB2}.Release|Any CPU.Build.0 = Release|Any CPU
		{97D62B75-FEFE-441C-B0BA-238639552F25}.Debug|Any CPU.ActiveCfg = Debug|Any CPU
		{97D62B75-FEFE-441C-B0BA-238639552F25}.Debug|Any CPU.Build.0 = Debug|Any CPU
		{97D62B75-FEFE-441C-B0BA-238639552F25}.Release|Any CPU.ActiveCfg = Release|Any CPU
		{97D62B75-FEFE-441C-B0BA-238639552F25}.Release|Any CPU.Build.0 = Release|Any CPU
		{AB860313-B818-4988-BB77-AE32D2CD3B4C}.Debug|Any CPU.ActiveCfg = Debug|Any CPU
		{AB860313-B818-4988-BB77-AE32D2CD3B4C}.Debug|Any CPU.Build.0 = Debug|Any CPU
		{AB860313-B818-4988-BB77-AE32D2CD3B4C}.Release|Any CPU.ActiveCfg = Release|Any CPU
		{AB860313-B818-4988-BB77-AE32D2CD3B4C}.Release|Any CPU.Build.0 = Release|Any CPU
		{6B06AD9B-1D7C-46D1-97F4-416FCA8B5DE9}.Debug|Any CPU.ActiveCfg = Debug|Any CPU
		{6B06AD9B-1D7C-46D1-97F4-416FCA8B5DE9}.Debug|Any CPU.Build.0 = Debug|Any CPU
		{6B06AD9B-1D7C-46D1-97F4-416FCA8B5DE9}.Release|Any CPU.ActiveCfg = Release|Any CPU
		{6B06AD9B-1D7C-46D1-97F4-416FCA8B5DE9}.Release|Any CPU.Build.0 = Release|Any CPU
		{E242326E-85EF-479B-B341-41FCF6165BE4}.Debug|Any CPU.ActiveCfg = Debug|Any CPU
		{E242326E-85EF-479B-B341-41FCF6165BE4}.Debug|Any CPU.Build.0 = Debug|Any CPU
		{E242326E-85EF-479B-B341-41FCF6165BE4}.Release|Any CPU.ActiveCfg = Release|Any CPU
		{E242326E-85EF-479B-B341-41FCF6165BE4}.Release|Any CPU.Build.0 = Release|Any CPU
		{9D4C9BF7-0C09-45A3-84A6-EDCB3A2DD84C}.Debug|Any CPU.ActiveCfg = Debug|Any CPU
		{9D4C9BF7-0C09-45A3-84A6-EDCB3A2DD84C}.Debug|Any CPU.Build.0 = Debug|Any CPU
		{9D4C9BF7-0C09-45A3-84A6-EDCB3A2DD84C}.Release|Any CPU.ActiveCfg = Release|Any CPU
		{9D4C9BF7-0C09-45A3-84A6-EDCB3A2DD84C}.Release|Any CPU.Build.0 = Release|Any CPU
		{5CAA7F5E-2589-43B0-A3AA-2462DA3EBC6D}.Debug|Any CPU.ActiveCfg = Debug|Any CPU
		{5CAA7F5E-2589-43B0-A3AA-2462DA3EBC6D}.Debug|Any CPU.Build.0 = Debug|Any CPU
		{5CAA7F5E-2589-43B0-A3AA-2462DA3EBC6D}.Release|Any CPU.ActiveCfg = Release|Any CPU
		{5CAA7F5E-2589-43B0-A3AA-2462DA3EBC6D}.Release|Any CPU.Build.0 = Release|Any CPU
	EndGlobalSection
	GlobalSection(SolutionProperties) = preSolution
		HideSolutionNode = FALSE
	EndGlobalSection
	GlobalSection(NestedProjects) = preSolution
		{1A42B06D-AFD6-41EB-A044-D87ABCA63004} = {EAE77BC2-F085-4BBA-AE99-D34EC1DED3EA}
		{57D136EE-984B-4E6F-8E8A-0FA371246BB2} = {AEA4BC03-1EDD-4C66-8A35-6201E407D86F}
		{97D62B75-FEFE-441C-B0BA-238639552F25} = {A643EB71-F95A-4C69-A653-2537D1769911}
		{AB860313-B818-4988-BB77-AE32D2CD3B4C} = {EBFB58AB-647B-4625-B54D-1E9376324326}
		{6B06AD9B-1D7C-46D1-97F4-416FCA8B5DE9} = {B28CC3C5-E3A1-4C96-BC7C-89CE671C0F78}
		{E242326E-85EF-479B-B341-41FCF6165BE4} = {EBFB58AB-647B-4625-B54D-1E9376324326}
		{9D4C9BF7-0C09-45A3-84A6-EDCB3A2DD84C} = {B28CC3C5-E3A1-4C96-BC7C-89CE671C0F78}
		{5CAA7F5E-2589-43B0-A3AA-2462DA3EBC6D} = {B28CC3C5-E3A1-4C96-BC7C-89CE671C0F78}
	EndGlobalSection
	GlobalSection(ExtensibilityGlobals) = postSolution
		SolutionGuid = {0677A4D3-60C0-4EB2-82EB-008BAD027E4C}
	EndGlobalSection
EndGlobal
