
Microsoft Visual Studio Solution File, Format Version 12.00
# Visual Studio 15
VisualStudioVersion = 15.0.28010.2050
MinimumVisualStudioVersion = 10.0.40219.1
Project("{2150E333-8FDC-42A3-9474-1A3956D46DE8}") = "Item01", "Item01", "{EAE77BC2-F085-4BBA-AE99-D34EC1DED3EA}"
EndProject
Project("{9A19103F-16F7-4668-BE54-9A1E7A4F7556}") = "Programa01", "Programa01\Programa01.csproj", "{1A42B06D-AFD6-41EB-A044-D87ABCA63004}"
EndProject
Project("{2150E333-8FDC-42A3-9474-1A3956D46DE8}") = "Item02", "Item02", "{AEA4BC03-1EDD-4C66-8A35-6201E407D86F}"
EndProject
Project("{2150E333-8FDC-42A3-9474-1A3956D46DE8}") = "Item03", "Item03", "{A643EB71-F95A-4C69-A653-2537D1769911}"
EndProject
Project("{2150E333-8FDC-42A3-9474-1A3956D46DE8}") = "Item04", "Item04", "{EBFB58AB-647B-4625-B54D-1E9376324326}"
EndProject
Project("{2150E333-8FDC-42A3-9474-1A3956D46DE8}") = "Item05", "Item05", "{B28CC3C5-E3A1-4C96-BC7C-89CE671C0F78}"
EndProject
Project("{9A19103F-16F7-4668-BE54-9A1E7A4F7556}") = "Programa02", "Programa02\Programa02.csproj", "{57D136EE-984B-4E6F-8E8A-0FA371246BB2}"
EndProject
Project("{9A19103F-16F7-4668-BE54-9A1E7A4F7556}") = "Programa03", "Programa03\Programa03.csproj", "{97D62B75-FEFE-441C-B0BA-238639552F25}"
EndProject
Project("{9A19103F-16F7-4668-BE54-9A1E7A4F7556}") = "Programa04", "Programa04\Programa04.csproj", "{AB860313-B818-4988-BB77-AE32D2CD3B4C}"
EndProject
Project("{9A19103F-16F7-4668-BE54-9A1E7A4F7556}") = "Programa05", "Programa05\Programa05.csproj", "{6B06AD9B-1D7C-46D1-97F4-416FCA8B5DE9}"
EndProject
Project("{9A19103F-16F7-4668-BE54-9A1E7A4F7556}") = "Programa04.1", "Programa04.1\Programa04.1.csproj", "{8B6AB4BF-CA7B-4AA0-9D69-53C0FAB7A060}"
EndProject
Project("{FAE04EC0-301F-11D3-BF4B-00C04F79EFBC}") = "Programa05.1", "Programa05.1\Programa05.1.csproj", "{ABFFDB14-808D-40B7-9A89-D7C289EC6C89}"
EndProject
Project("{FAE04EC0-301F-11D3-BF4B-00C04F79EFBC}") = "Programa05.2", "Programa05.2\Programa05.2.csproj", "{F485C229-6F25-4DBC-9758-D5C2D231D2DD}"
EndProject
Global
	GlobalSection(SolutionConfigurationPlatforms) = preSolution
		Debug|Any CPU = Debug|Any CPU
		Release|Any CPU = Release|Any CPU
	EndGlobalSection
	GlobalSection(ProjectConfigurationPlatforms) = postSolution
		{1A42B06D-AFD6-41EB-A044-D87ABCA63004}.Debug|Any CPU.ActiveCfg = Debug|Any CPU
		{1A42B06D-AFD6-41EB-A044-D87ABCA63004}.Debug|Any CPU.Build.0 = Debug|Any CPU
		{1A42B06D-AFD6-41EB-A044-D87ABCA63004}.Release|Any CPU.ActiveCfg = Release|Any CPU
		{1A42B06D-AFD6-41EB-A044-D87ABCA63004}.Release|Any CPU.Build.0 = Release|Any CPU
		{57D136EE-984B-4E6F-8E8A-0FA371246BB2}.Debug|Any CPU.ActiveCfg = Debug|Any CPU
		{57D136EE-984B-4E6F-8E8A-0FA371246BB2}.Debug|Any CPU.Build.0 = Debug|Any CPU
		{57D136EE-984B-4E6F-8E8A-0FA371246BB2}.Release|Any CPU.ActiveCfg = Release|Any CPU
		{57D136EE-984B-4E6F-8E8A-0FA371246BB2}.Release|Any CPU.Build.0 = Release|Any CPU
		{97D62B75-FEFE-441C-B0BA-238639552F25}.Debug|Any CPU.ActiveCfg = Debug|Any CPU
		{97D62B75-FEFE-441C-B0BA-238639552F25}.Debug|Any CPU.Build.0 = Debug|Any CPU
		{97D62B75-FEFE-441C-B0BA-238639552F25}.Release|Any CPU.ActiveCfg = Release|Any CPU
		{97D62B75-FEFE-441C-B0BA-238639552F25}.Release|Any CPU.Build.0 = Release|Any CPU
		{AB860313-B818-4988-BB77-AE32D2CD3B4C}.Debug|Any CPU.ActiveCfg = Debug|Any CPU
		{AB860313-B818-4988-BB77-AE32D2CD3B4C}.Debug|Any CPU.Build.0 = Debug|Any CPU
		{AB860313-B818-4988-BB77-AE32D2CD3B4C}.Release|Any CPU.ActiveCfg = Release|Any CPU
		{AB860313-B818-4988-BB77-AE32D2CD3B4C}.Release|Any CPU.Build.0 = Release|Any CPU
		{6B06AD9B-1D7C-46D1-97F4-416FCA8B5DE9}.Debug|Any CPU.ActiveCfg = Debug|Any CPU
		{6B06AD9B-1D7C-46D1-97F4-416FCA8B5DE9}.Debug|Any CPU.Build.0 = Debug|Any CPU
		{6B06AD9B-1D7C-46D1-97F4-416FCA8B5DE9}.Release|Any CPU.ActiveCfg = Release|Any CPU
		{6B06AD9B-1D7C-46D1-97F4-416FCA8B5DE9}.Release|Any CPU.Build.0 = Release|Any CPU
		{8B6AB4BF-CA7B-4AA0-9D69-53C0FAB7A060}.Debug|Any CPU.ActiveCfg = Debug|Any CPU
		{8B6AB4BF-CA7B-4AA0-9D69-53C0FAB7A060}.Debug|Any CPU.Build.0 = Debug|Any CPU
		{8B6AB4BF-CA7B-4AA0-9D69-53C0FAB7A060}.Release|Any CPU.ActiveCfg = Release|Any CPU
		{8B6AB4BF-CA7B-4AA0-9D69-53C0FAB7A060}.Release|Any CPU.Build.0 = Release|Any CPU
		{ABFFDB14-808D-40B7-9A89-D7C289EC6C89}.Debug|Any CPU.ActiveCfg = Debug|Any CPU
		{ABFFDB14-808D-40B7-9A89-D7C289EC6C89}.Debug|Any CPU.Build.0 = Debug|Any CPU
		{ABFFDB14-808D-40B7-9A89-D7C289EC6C89}.Release|Any CPU.ActiveCfg = Release|Any CPU
		{ABFFDB14-808D-40B7-9A89-D7C289EC6C89}.Release|Any CPU.Build.0 = Release|Any CPU
		{F485C229-6F25-4DBC-9758-D5C2D231D2DD}.Debug|Any CPU.ActiveCfg = Debug|Any CPU
		{F485C229-6F25-4DBC-9758-D5C2D231D2DD}.Debug|Any CPU.Build.0 = Debug|Any CPU
		{F485C229-6F25-4DBC-9758-D5C2D231D2DD}.Release|Any CPU.ActiveCfg = Release|Any CPU
		{F485C229-6F25-4DBC-9758-D5C2D231D2DD}.Release|Any CPU.Build.0 = Release|Any CPU
	EndGlobalSection
	GlobalSection(SolutionProperties) = preSolution
		HideSolutionNode = FALSE
	EndGlobalSection
	GlobalSection(NestedProjects) = preSolution
		{1A42B06D-AFD6-41EB-A044-D87ABCA63004} = {EAE77BC2-F085-4BBA-AE99-D34EC1DED3EA}
		{57D136EE-984B-4E6F-8E8A-0FA371246BB2} = {AEA4BC03-1EDD-4C66-8A35-6201E407D86F}
		{97D62B75-FEFE-441C-B0BA-238639552F25} = {A643EB71-F95A-4C69-A653-2537D1769911}
		{AB860313-B818-4988-BB77-AE32D2CD3B4C} = {EBFB58AB-647B-4625-B54D-1E9376324326}
		{6B06AD9B-1D7C-46D1-97F4-416FCA8B5DE9} = {B28CC3C5-E3A1-4C96-BC7C-89CE671C0F78}
		{8B6AB4BF-CA7B-4AA0-9D69-53C0FAB7A060} = {EBFB58AB-647B-4625-B54D-1E9376324326}
		{ABFFDB14-808D-40B7-9A89-D7C289EC6C89} = {B28CC3C5-E3A1-4C96-BC7C-89CE671C0F78}
		{F485C229-6F25-4DBC-9758-D5C2D231D2DD} = {B28CC3C5-E3A1-4C96-BC7C-89CE671C0F78}
	EndGlobalSection
	GlobalSection(ExtensibilityGlobals) = postSolution
		SolutionGuid = {0677A4D3-60C0-4EB2-82EB-008BAD027E4C}
	EndGlobalSection
EndGlobal
